<?xml version="1.0" encoding="utf-8"?>
<Project ToolsVersion="4.0" xmlns="http://schemas.microsoft.com/developer/msbuild/2003">
  <ItemGroup>
    <Filter Include="Source Files">
      <UniqueIdentifier>{4FC737F1-C7A5-4376-A066-2A32D752A2FF}</UniqueIdentifier>
      <Extensions>cpp;c;cc;cxx;def;odl;idl;hpj;bat;asm;asmx</Extensions>
    </Filter>
    <Filter Include="Header Files">
      <UniqueIdentifier>{93995380-89BD-4b04-88EB-625FBE52EBFB}</UniqueIdentifier>
      <Extensions>h;hh;hpp;hxx;hm;inl;inc;xsd</Extensions>
    </Filter>
    <Filter Include="Resource Files">
      <UniqueIdentifier>{67DA6AB6-F800-4c08-8B7A-83BB121AAD01}</UniqueIdentifier>
      <Extensions>rc;ico;cur;bmp;dlg;rc2;rct;bin;rgs;gif;jpg;jpeg;jpe;resx;tiff;tif;png;wav</Extensions>
    </Filter>
  </ItemGroup>
  <ItemGroup>
    <Xml Include="system.xml" />
    <Xml Include="state.xml" />
    <Xml Include="state_dialanine.xml" />
    <Xml Include="system_dialanine.xml" />
    <Xml Include="state_JAC_Protein.xml" />
    <Xml Include="system_JAC_Protein.xml" />
  </ItemGroup>
  <ItemGroup>
    <ClInclude Include="core\baseline\headers\Coords3D.h">
      <Filter>Header Files</Filter>
    </ClInclude>
    <ClInclude Include="core\baseline\headers\Engine.h">
      <Filter>Header Files</Filter>
    </ClInclude>
    <ClInclude Include="core\baseline\headers\Initializer.h">
      <Filter>Header Files</Filter>
    </ClInclude>
    <ClInclude Include="core\baseline\headers\Reporter.h">
      <Filter>Header Files</Filter>
    </ClInclude>
    <ClInclude Include="core\baseline\headers\StateXMLParser.h">
      <Filter>Header Files</Filter>
    </ClInclude>
    <ClInclude Include="core\baseline\headers\SystemXMLParser.h">
      <Filter>Header Files</Filter>
    </ClInclude>
    <ClInclude Include="core\baseline\headers\VerletIntegration.h">
      <Filter>Header Files</Filter>
    </ClInclude>
    <ClInclude Include="core\baseline\headers\Forces\Forces.h">
      <Filter>Header Files</Filter>
    </ClInclude>
    <ClInclude Include="core\baseline\headers\Forces\PeriodicTorsionForce.h">
      <Filter>Header Files</Filter>
    </ClInclude>
    <ClInclude Include="core\baseline\headers\Forces\HarmonicAngleForce.h">
      <Filter>Header Files</Filter>
    </ClInclude>
    <ClInclude Include="core\baseline\headers\Forces\HarmonicBondForce.h">
      <Filter>Header Files</Filter>
    </ClInclude>
    <ClInclude Include="core\baseline\headers\KineticEnergy.h">
      <Filter>Header Files</Filter>
    </ClInclude>
    <ClInclude Include="core\baseline\headers\PeriodicBoundaryCondition.h">
      <Filter>Header Files</Filter>
    </ClInclude>
    <ClInclude Include="core\baseline\headers\Forces\NonbondedForce.h">
      <Filter>Header Files</Filter>
    </ClInclude>
    <ClInclude Include="core\baseline\headers\Types.h">
      <Filter>Header Files</Filter>
    </ClInclude>
    <ClInclude Include="core\baseline\headers\Forces\NeighborList.h">
      <Filter>Header Files</Filter>
    </ClInclude>
    <ClInclude Include="core\baseline\headers\Forces\Exclusions.h">
      <Filter>Header Files</Filter>
    </ClInclude>
    <ClInclude Include="core\Dispatcher\headers\BaseLineTaskDispatcher.h">
      <Filter>Header Files</Filter>
    </ClInclude>
    <ClInclude Include="core\Dispatcher\headers\TaskDispatcher.h">
      <Filter>Header Files</Filter>
    </ClInclude>
    <ClInclude Include="core\Cuda\headers\CudaEngine.h">
      <Filter>Header Files</Filter>
    </ClInclude>
    <ClInclude Include="core\Cuda\headers\CudaInitializer.h">
      <Filter>Header Files</Filter>
    </ClInclude>
    <ClInclude Include="core\Cuda\headers\CudaReporter.h">
      <Filter>Header Files</Filter>
    </ClInclude>
    <ClInclude Include="core\Cuda\headers\CudaStateXMLParser.h">
      <Filter>Header Files</Filter>
    </ClInclude>
    <ClInclude Include="core\Cuda\headers\Cudastdafx.h">
      <Filter>Header Files</Filter>
    </ClInclude>
    <ClInclude Include="core\Cuda\headers\CudaTypes.h">
      <Filter>Header Files</Filter>
    </ClInclude>
    <ClInclude Include="core\Cuda\headers\Forces\CudaExclusions.h">
      <Filter>Header Files</Filter>
    </ClInclude>
    <ClInclude Include="core\Cuda\headers\Forces\CudaForces.h">
      <Filter>Header Files</Filter>
    </ClInclude>
    <ClInclude Include="core\Cuda\headers\Forces\CudaHarmonicAngleForce.h">
      <Filter>Header Files</Filter>
    </ClInclude>
    <ClInclude Include="core\Cuda\headers\Forces\CudaNeighborList.h">
      <Filter>Header Files</Filter>
    </ClInclude>
    <ClInclude Include="core\Cuda\headers\Forces\CudaNonbondedForce.h">
      <Filter>Header Files</Filter>
    </ClInclude>
    <ClInclude Include="core\Cuda\headers\Forces\CudaPeriodicTorsionForce.h">
      <Filter>Header Files</Filter>
    </ClInclude>
    <ClInclude Include="core\Dispatcher\headers\CudaTaskDispatcher.h">
      <Filter>Header Files</Filter>
    </ClInclude>
    <ClInclude Include="core\Cuda\headers\kernels\PeriodicBoundaryConditionKernel.h">
      <Filter>Header Files</Filter>
    </ClInclude>
    <ClInclude Include="core\Cuda\headers\Forces\kernels\HarmonicBondForceKernel.h">
      <Filter>Header Files</Filter>
    </ClInclude>
    <ClInclude Include="core\Cuda\headers\kernels\VerletIntegrationKernel.h">
      <Filter>Header Files</Filter>
    </ClInclude>
    <ClInclude Include="core\Cuda\headers\kernels\KineticEnergyKernel.h">
      <Filter>Header Files</Filter>
    </ClInclude>
    <ClInclude Include="core\Cuda\headers\kernels\InverseMassesKernel.h">
      <Filter>Header Files</Filter>
    </ClInclude>
    <ClInclude Include="core\common\headers\PDBSegmentParser.h">
      <Filter>Header Files</Filter>
    </ClInclude>
    <ClInclude Include="core\common\headers\SegmentForceMapper.h">
      <Filter>Header Files</Filter>
    </ClInclude>
  </ItemGroup>
  <ItemGroup>
    <ClCompile Include="core\baseline\src\Engine.cpp">
      <Filter>Source Files</Filter>
    </ClCompile>
    <ClCompile Include="core\baseline\src\Initializer.cpp">
      <Filter>Source Files</Filter>
    </ClCompile>
    <ClCompile Include="core\baseline\src\Reporter.cpp">
      <Filter>Source Files</Filter>
    </ClCompile>
    <ClCompile Include="core\baseline\src\StateXMLParser.cpp">
      <Filter>Source Files</Filter>
    </ClCompile>
    <ClCompile Include="core\baseline\src\SystemXMLParser.cpp">
      <Filter>Source Files</Filter>
    </ClCompile>
    <ClCompile Include="core\baseline\src\VerletIntegration.cpp">
      <Filter>Source Files</Filter>
    </ClCompile>
    <ClCompile Include="core\baseline\src\Forces\Forces.cpp">
      <Filter>Source Files</Filter>
    </ClCompile>
    <ClCompile Include="core\baseline\src\Forces\HarmonicAngleForce.cpp">
      <Filter>Source Files</Filter>
    </ClCompile>
    <ClCompile Include="core\baseline\src\Forces\HarmonicBondForce.cpp">
      <Filter>Source Files</Filter>
    </ClCompile>
    <ClCompile Include="core\baseline\src\KineticEnergy.cpp">
      <Filter>Source Files</Filter>
    </ClCompile>
    <ClCompile Include="core\baseline\src\PeriodicBoundaryCondition.cpp">
      <Filter>Source Files</Filter>
    </ClCompile>
    <ClCompile Include="core\baseline\src\Forces\NonbondedForce.cpp">
      <Filter>Source Files</Filter>
    </ClCompile>
    <ClCompile Include="core\baseline\src\Forces\NeighborList.cpp">
      <Filter>Source Files</Filter>
    </ClCompile>
    <ClCompile Include="core\baseline\src\Forces\Exclusions.cpp">
      <Filter>Source Files</Filter>
    </ClCompile>
    <ClCompile Include="core\Dispatcher\src\TaskDispatcher.cpp">
      <Filter>Source Files</Filter>
    </ClCompile>
    <ClCompile Include="core\Cuda\src\CudaEngine.cpp">
      <Filter>Source Files</Filter>
    </ClCompile>
    <ClCompile Include="core\Cuda\src\CudaInitializer.cpp">
      <Filter>Source Files</Filter>
    </ClCompile>
    <ClCompile Include="core\Cuda\src\CudaReporter.cpp">
      <Filter>Source Files</Filter>
    </ClCompile>
    <ClCompile Include="core\Cuda\src\CudaStateXMLParser.cpp">
      <Filter>Source Files</Filter>
    </ClCompile>
    <ClCompile Include="core\Cuda\src\Forces\CudaExclusions.cpp">
      <Filter>Source Files</Filter>
    </ClCompile>
    <ClCompile Include="core\Cuda\src\Forces\CudaForces.cpp">
      <Filter>Source Files</Filter>
    </ClCompile>
    <ClCompile Include="core\Cuda\src\Forces\CudaHarmonicAngleForce.cpp">
      <Filter>Source Files</Filter>
    </ClCompile>
    <ClCompile Include="core\Cuda\src\Forces\CudaNeighborList.cpp">
      <Filter>Source Files</Filter>
    </ClCompile>
    <ClCompile Include="core\Cuda\src\Forces\CudaNonbondedForce.cpp">
      <Filter>Source Files</Filter>
    </ClCompile>
    <ClCompile Include="core\Cuda\src\Forces\CudaPeriodicTorsionForce.cpp">
      <Filter>Source Files</Filter>
    </ClCompile>
    <ClCompile Include="core\baseline\src\Forces\PeriodicTorsionForce.cpp">
      <Filter>Source Files</Filter>
    </ClCompile>
    <ClCompile Include="core\Cuda\Tests\TestCuda_JAC_Protein.cpp">
      <Filter>Source Files</Filter>
    </ClCompile>
    <ClCompile Include="core\common\src\PDBSegmentParser.cpp">
      <Filter>Source Files</Filter>
    </ClCompile>
    <ClCompile Include="core\common\src\SegmentForceMapper.cpp">
      <Filter>Source Files</Filter>
    </ClCompile>
  </ItemGroup>
  <ItemGroup>
    <None Include="input.pdb" />
    <None Include="dialanine_VMD2.pdb" />
    <None Include="JAC_Protein.pdb" />
  </ItemGroup>
  <ItemGroup>
    <CudaCompile Include="core\Cuda\src\kernels\PeriodicBoundaryConditionKernel.cu">
      <Filter>Source Files</Filter>
    </CudaCompile>
    <CudaCompile Include="core\Cuda\src\Forces\kernels\HarmonicBondForceKernel.cu">
      <Filter>Source Files</Filter>
    </CudaCompile>
    <CudaCompile Include="core\Cuda\src\kernels\VerletIntegrationKernel.cu">
      <Filter>Source Files</Filter>
    </CudaCompile>
    <CudaCompile Include="core\Cuda\src\kernels\KineticEnergyKernel.cu">
      <Filter>Source Files</Filter>
    </CudaCompile>
    <CudaCompile Include="core\Cuda\src\kernels\InverseMassesKernel.cu">
      <Filter>Source Files</Filter>
    </CudaCompile>
  </ItemGroup>
</Project>