<?xml version="1.0" encoding="utf-8"?>
<Project ToolsVersion="4.0" xmlns="http://schemas.microsoft.com/developer/msbuild/2003">
  <ItemGroup>
    <Filter Include="Source Files">
      <UniqueIdentifier>{4FC737F1-C7A5-4376-A066-2A32D752A2FF}</UniqueIdentifier>
      <Extensions>cpp;c;cc;cxx;def;odl;idl;hpj;bat;asm;asmx</Extensions>
    </Filter>
    <Filter Include="Header Files">
      <UniqueIdentifier>{93995380-89BD-4b04-88EB-625FBE52EBFB}</UniqueIdentifier>
      <Extensions>h;hh;hpp;hxx;hm;inl;inc;xsd</Extensions>
    </Filter>
    <Filter Include="Resource Files">
      <UniqueIdentifier>{67DA6AB6-F800-4c08-8B7A-83BB121AAD01}</UniqueIdentifier>
      <Extensions>rc;ico;cur;bmp;dlg;rc2;rct;bin;rgs;gif;jpg;jpeg;jpe;resx;tiff;tif;png;wav</Extensions>
    </Filter>
  </ItemGroup>
  <ItemGroup>
    <ClCompile Include="NexaBindRunSimulationTest.cpp">
      <Filter>Source Files</Filter>
    </ClCompile>
    <ClCompile Include="NexaBindRunSimulation_Dialanine_Test.cpp">
      <Filter>Source Files</Filter>
    </ClCompile>
    <ClCompile Include="SystemXMLReader.cpp">
      <Filter>Source Files</Filter>
    </ClCompile>
    <ClCompile Include="testOpenMMSystemStateXMLLoader.cpp">
      <Filter>Source Files</Filter>
    </ClCompile>
    <ClCompile Include="testOpenMMSystemXMLLoader.cpp">
      <Filter>Source Files</Filter>
    </ClCompile>
    <ClCompile Include="core\baseline\src\Engine.cpp">
      <Filter>Source Files</Filter>
    </ClCompile>
    <ClCompile Include="core\baseline\src\Initializer.cpp">
      <Filter>Source Files</Filter>
    </ClCompile>
    <ClCompile Include="core\baseline\src\KineticEnergy.cpp">
      <Filter>Source Files</Filter>
    </ClCompile>
    <ClCompile Include="core\baseline\src\OpenMMSystemStateXMLLoader.cpp">
      <Filter>Source Files</Filter>
    </ClCompile>
    <ClCompile Include="core\baseline\src\OpenMMSystemXMLLoader.cpp">
      <Filter>Source Files</Filter>
    </ClCompile>
    <ClCompile Include="core\baseline\src\Reporter.cpp">
      <Filter>Source Files</Filter>
    </ClCompile>
    <ClCompile Include="core\baseline\src\StateXMLParser.cpp">
      <Filter>Source Files</Filter>
    </ClCompile>
    <ClCompile Include="core\baseline\src\SystemXMLParser.cpp">
      <Filter>Source Files</Filter>
    </ClCompile>
    <ClCompile Include="core\baseline\src\VerletIntegration.cpp">
      <Filter>Source Files</Filter>
    </ClCompile>
    <ClCompile Include="core\baseline\src\VerletIntegrationBaseline.cpp">
      <Filter>Source Files</Filter>
    </ClCompile>
    <ClCompile Include="core\baseline\src\forces\Forces.cpp">
      <Filter>Source Files</Filter>
    </ClCompile>
    <ClCompile Include="core\baseline\src\forces\HarmonicAngleForce.cpp">
      <Filter>Source Files</Filter>
    </ClCompile>
    <ClCompile Include="core\baseline\src\forces\HarmonicBondForce.cpp">
      <Filter>Source Files</Filter>
    </ClCompile>
    <ClCompile Include="core\baseline\src\forces\ImproperTorsionForce.cpp">
      <Filter>Source Files</Filter>
    </ClCompile>
    <ClCompile Include="core\baseline\src\forces\NonbondedForce.cpp">
      <Filter>Source Files</Filter>
    </ClCompile>
    <ClCompile Include="core\baseline\src\forces\PeriodicTorsionForce.cpp">
      <Filter>Source Files</Filter>
    </ClCompile>
    <ClCompile Include="core\baseline\tests\TestBaseline3Forces.cpp">
      <Filter>Source Files</Filter>
    </ClCompile>
    <ClCompile Include="core\baseline\tests\TestBaselineHarmonicAngleForce.cpp">
      <Filter>Source Files</Filter>
    </ClCompile>
    <ClCompile Include="core\baseline\tests\TestBaselineHarmonicBondForce.cpp">
      <Filter>Source Files</Filter>
    </ClCompile>
    <ClCompile Include="core\baseline\tests\TestBaselinePeriodicTorsionForce.cpp">
      <Filter>Source Files</Filter>
    </ClCompile>
    <ClCompile Include="core\cpu\src\CPUEngine.cpp">
      <Filter>Source Files</Filter>
    </ClCompile>
    <ClCompile Include="core\cpu\src\CPUInitializer.cpp">
      <Filter>Source Files</Filter>
    </ClCompile>
    <ClCompile Include="core\cpu\src\CPUKineticEnergy.cpp">
      <Filter>Source Files</Filter>
    </ClCompile>
    <ClCompile Include="core\cpu\src\CPUReporter.cpp">
      <Filter>Source Files</Filter>
    </ClCompile>
    <ClCompile Include="core\cpu\src\CPUStateXMLParser.cpp">
      <Filter>Source Files</Filter>
    </ClCompile>
    <ClCompile Include="core\cpu\src\CPUSystemXMLParser.cpp">
      <Filter>Source Files</Filter>
    </ClCompile>
    <ClCompile Include="core\cpu\src\CPUVerletIntegration.cpp">
      <Filter>Source Files</Filter>
    </ClCompile>
    <ClCompile Include="core\cpu\src\forces\CPUForces.cpp">
      <Filter>Source Files</Filter>
    </ClCompile>
    <ClCompile Include="core\cpu\src\forces\CPUHarmonicAngleForce.cpp">
      <Filter>Source Files</Filter>
    </ClCompile>
    <ClCompile Include="core\cpu\src\forces\CPUHarmonicBondForce.cpp">
      <Filter>Source Files</Filter>
    </ClCompile>
    <ClCompile Include="core\cpu\src\forces\CPUImproperTorsionForce.cpp">
      <Filter>Source Files</Filter>
    </ClCompile>
    <ClCompile Include="core\cpu\src\forces\CPUNonbondedForce.cpp">
      <Filter>Source Files</Filter>
    </ClCompile>
    <ClCompile Include="core\cpu\src\forces\CPUPeriodicTorsionForce.cpp">
      <Filter>Source Files</Filter>
    </ClCompile>
    <ClCompile Include="core\cpu\tests\TestCPU3Forces.cpp">
      <Filter>Source Files</Filter>
    </ClCompile>
    <ClCompile Include="core\cpu\tests\TestCPUHarmonicAngleForce.cpp">
      <Filter>Source Files</Filter>
    </ClCompile>
    <ClCompile Include="core\cpu\tests\TestCPUHarmonicBondForce.cpp">
      <Filter>Source Files</Filter>
    </ClCompile>
    <ClCompile Include="core\cpu\tests\TestCPUPeriodicTorsionForce.cpp">
      <Filter>Source Files</Filter>
    </ClCompile>
    <ClCompile Include="core\pugixml-1.14\build\cmakefiles\3.26.4\compileridcxx\CMakeCXXCompilerId.cpp">
      <Filter>Source Files</Filter>
    </ClCompile>
    <ClCompile Include="core\pugixml-1.14\docs\samples\custom_memory_management.cpp">
      <Filter>Source Files</Filter>
    </ClCompile>
    <ClCompile Include="core\pugixml-1.14\docs\samples\include.cpp">
      <Filter>Source Files</Filter>
    </ClCompile>
    <ClCompile Include="core\pugixml-1.14\docs\samples\load_error_handling.cpp">
      <Filter>Source Files</Filter>
    </ClCompile>
    <ClCompile Include="core\pugixml-1.14\docs\samples\load_file.cpp">
      <Filter>Source Files</Filter>
    </ClCompile>
    <ClCompile Include="core\pugixml-1.14\docs\samples\load_memory.cpp">
      <Filter>Source Files</Filter>
    </ClCompile>
    <ClCompile Include="core\pugixml-1.14\docs\samples\load_options.cpp">
      <Filter>Source Files</Filter>
    </ClCompile>
    <ClCompile Include="core\pugixml-1.14\docs\samples\load_stream.cpp">
      <Filter>Source Files</Filter>
    </ClCompile>
    <ClCompile Include="core\pugixml-1.14\docs\samples\modify_add.cpp">
      <Filter>Source Files</Filter>
    </ClCompile>
    <ClCompile Include="core\pugixml-1.14\docs\samples\modify_base.cpp">
      <Filter>Source Files</Filter>
    </ClCompile>
    <ClCompile Include="core\pugixml-1.14\docs\samples\modify_remove.cpp">
      <Filter>Source Files</Filter>
    </ClCompile>
    <ClCompile Include="core\pugixml-1.14\docs\samples\save_custom_writer.cpp">
      <Filter>Source Files</Filter>
    </ClCompile>
    <ClCompile Include="core\pugixml-1.14\docs\samples\save_declaration.cpp">
      <Filter>Source Files</Filter>
    </ClCompile>
    <ClCompile Include="core\pugixml-1.14\docs\samples\save_file.cpp">
      <Filter>Source Files</Filter>
    </ClCompile>
    <ClCompile Include="core\pugixml-1.14\docs\samples\save_options.cpp">
      <Filter>Source Files</Filter>
    </ClCompile>
    <ClCompile Include="core\pugixml-1.14\docs\samples\save_stream.cpp">
      <Filter>Source Files</Filter>
    </ClCompile>
    <ClCompile Include="core\pugixml-1.14\docs\samples\save_subtree.cpp">
      <Filter>Source Files</Filter>
    </ClCompile>
    <ClCompile Include="core\pugixml-1.14\docs\samples\text.cpp">
      <Filter>Source Files</Filter>
    </ClCompile>
    <ClCompile Include="core\pugixml-1.14\docs\samples\traverse_base.cpp">
      <Filter>Source Files</Filter>
    </ClCompile>
    <ClCompile Include="core\pugixml-1.14\docs\samples\traverse_iter.cpp">
      <Filter>Source Files</Filter>
    </ClCompile>
    <ClCompile Include="core\pugixml-1.14\docs\samples\traverse_predicate.cpp">
      <Filter>Source Files</Filter>
    </ClCompile>
    <ClCompile Include="core\pugixml-1.14\docs\samples\traverse_rangefor.cpp">
      <Filter>Source Files</Filter>
    </ClCompile>
    <ClCompile Include="core\pugixml-1.14\docs\samples\traverse_walker.cpp">
      <Filter>Source Files</Filter>
    </ClCompile>
    <ClCompile Include="core\pugixml-1.14\docs\samples\xpath_error.cpp">
      <Filter>Source Files</Filter>
    </ClCompile>
    <ClCompile Include="core\pugixml-1.14\docs\samples\xpath_query.cpp">
      <Filter>Source Files</Filter>
    </ClCompile>
    <ClCompile Include="core\pugixml-1.14\docs\samples\xpath_select.cpp">
      <Filter>Source Files</Filter>
    </ClCompile>
    <ClCompile Include="core\pugixml-1.14\docs\samples\xpath_variables.cpp">
      <Filter>Source Files</Filter>
    </ClCompile>
    <ClCompile Include="core\pugixml-1.14\src\pugixml.cpp">
      <Filter>Source Files</Filter>
    </ClCompile>
  </ItemGroup>
  <ItemGroup>
    <ClInclude Include="core\baseline\headers\Coords3D.h">
      <Filter>Header Files</Filter>
    </ClInclude>
    <ClInclude Include="core\baseline\headers\Dynamics.h">
      <Filter>Header Files</Filter>
    </ClInclude>
    <ClInclude Include="core\baseline\headers\Engine.h">
      <Filter>Header Files</Filter>
    </ClInclude>
    <ClInclude Include="core\baseline\headers\Initializer.h">
      <Filter>Header Files</Filter>
    </ClInclude>
    <ClInclude Include="core\baseline\headers\KineticEnergy.h">
      <Filter>Header Files</Filter>
    </ClInclude>
    <ClInclude Include="core\baseline\headers\OpenMMSystemStateXMLLoader.h">
      <Filter>Header Files</Filter>
    </ClInclude>
    <ClInclude Include="core\baseline\headers\OpenMMSystemXMLLoader.h">
      <Filter>Header Files</Filter>
    </ClInclude>
    <ClInclude Include="core\baseline\headers\Reporter.h">
      <Filter>Header Files</Filter>
    </ClInclude>
    <ClInclude Include="core\baseline\headers\StateXMLParser.h">
      <Filter>Header Files</Filter>
    </ClInclude>
    <ClInclude Include="core\baseline\headers\stdafx.h">
      <Filter>Header Files</Filter>
    </ClInclude>
    <ClInclude Include="core\baseline\headers\SystemXMLParser.h">
      <Filter>Header Files</Filter>
    </ClInclude>
    <ClInclude Include="core\baseline\headers\VerletIntegration.h">
      <Filter>Header Files</Filter>
    </ClInclude>
    <ClInclude Include="core\baseline\headers\VerletIntegrationBaseline.h">
      <Filter>Header Files</Filter>
    </ClInclude>
    <ClInclude Include="core\baseline\headers\forces\Forces.h">
      <Filter>Header Files</Filter>
    </ClInclude>
    <ClInclude Include="core\baseline\headers\forces\HarmonicAngleForce.h">
      <Filter>Header Files</Filter>
    </ClInclude>
    <ClInclude Include="core\baseline\headers\forces\HarmonicBondForce.h">
      <Filter>Header Files</Filter>
    </ClInclude>
    <ClInclude Include="core\baseline\headers\forces\ImproperTorsionForce.h">
      <Filter>Header Files</Filter>
    </ClInclude>
    <ClInclude Include="core\baseline\headers\forces\NonbondedForce.h">
      <Filter>Header Files</Filter>
    </ClInclude>
    <ClInclude Include="core\baseline\headers\forces\PeriodicTorsionForce.h">
      <Filter>Header Files</Filter>
    </ClInclude>
    <ClInclude Include="core\cpu\headers\CPUCoords3D.h">
      <Filter>Header Files</Filter>
    </ClInclude>
    <ClInclude Include="core\cpu\headers\CPUEngine.h">
      <Filter>Header Files</Filter>
    </ClInclude>
    <ClInclude Include="core\cpu\headers\CPUInitializer.h">
      <Filter>Header Files</Filter>
    </ClInclude>
    <ClInclude Include="core\cpu\headers\CPUKineticEnergy.h">
      <Filter>Header Files</Filter>
    </ClInclude>
    <ClInclude Include="core\cpu\headers\CPUReporter.h">
      <Filter>Header Files</Filter>
    </ClInclude>
    <ClInclude Include="core\cpu\headers\CPUStateXMLParser.h">
      <Filter>Header Files</Filter>
    </ClInclude>
    <ClInclude Include="core\cpu\headers\CPUSystemXMLParser.h">
      <Filter>Header Files</Filter>
    </ClInclude>
    <ClInclude Include="core\cpu\headers\CPUVerletIntegration.h">
      <Filter>Header Files</Filter>
    </ClInclude>
    <ClInclude Include="core\cpu\headers\forces\CPUForces.h">
      <Filter>Header Files</Filter>
    </ClInclude>
    <ClInclude Include="core\cpu\headers\forces\CPUHarmonicAngleForce.h">
      <Filter>Header Files</Filter>
    </ClInclude>
    <ClInclude Include="core\cpu\headers\forces\CPUHarmonicBondForce.h">
      <Filter>Header Files</Filter>
    </ClInclude>
    <ClInclude Include="core\cpu\headers\forces\CPUImproperTorsionForce.h">
      <Filter>Header Files</Filter>
    </ClInclude>
    <ClInclude Include="core\cpu\headers\forces\CPUNonbondedForce.h">
      <Filter>Header Files</Filter>
    </ClInclude>
    <ClInclude Include="core\cpu\headers\forces\CPUPeriodicTorsionForce.h">
      <Filter>Header Files</Filter>
    </ClInclude>
    <ClInclude Include="core\pugixml-1.14\src\pugiconfig.hpp">
      <Filter>Header Files</Filter>
    </ClInclude>
    <ClInclude Include="core\pugixml-1.14\src\pugixml.hpp">
      <Filter>Header Files</Filter>
    </ClInclude>
  </ItemGroup>
  <ItemGroup>
    <None Include="core\pugixml-1.14\build\cmakefiles\3.26.4\CMakeDetermineCompilerABI_CXX.bin">
      <Filter>Resource Files</Filter>
    </None>
    <None Include="core\pugixml-1.14\docs\manual.html" />
    <None Include="core\pugixml-1.14\docs\quickstart.html" />
  </ItemGroup>
  <ItemGroup>
    <ResourceCompile Include="core\pugixml-1.14\scripts\pugixml_dll.rc">
      <Filter>Resource Files</Filter>
    </ResourceCompile>
  </ItemGroup>
</Project>